
Microsoft Visual Studio Solution File, Format Version 12.00
# Visual Studio Version 16
VisualStudioVersion = 16.0.31025.194
MinimumVisualStudioVersion = 10.0.40219.1
Project("{2150E333-8FDC-42A3-9474-1A3956D46DE8}") = "src", "src", "{C5B764A0-40CD-49F4-9660-CD6A012B126A}"
EndProject
Project("{FAE04EC0-301F-11D3-BF4B-00C04F79EFBC}") = "Marquitos.AspNetCore.Metadata", "src\Marquitos.AspNetCore.Metadata\Marquitos.AspNetCore.Metadata.csproj", "{977D2739-61BD-445C-ACD7-2F71D55FFBFC}"
EndProject
Global
	GlobalSection(SolutionConfigurationPlatforms) = preSolution
		Debug|Any CPU = Debug|Any CPU
		Release|Any CPU = Release|Any CPU
	EndGlobalSection
	GlobalSection(ProjectConfigurationPlatforms) = postSolution
		{977D2739-61BD-445C-ACD7-2F71D55FFBFC}.Debug|Any CPU.ActiveCfg = Debug|Any CPU
		{977D2739-61BD-445C-ACD7-2F71D55FFBFC}.Debug|Any CPU.Build.0 = Debug|Any CPU
		{977D2739-61BD-445C-ACD7-2F71D55FFBFC}.Release|Any CPU.ActiveCfg = Release|Any CPU
		{977D2739-61BD-445C-ACD7-2F71D55FFBFC}.Release|Any CPU.Build.0 = Release|Any CPU
	EndGlobalSection
	GlobalSection(SolutionProperties) = preSolution
		HideSolutionNode = FALSE
	EndGlobalSection
	GlobalSection(NestedProjects) = preSolution
		{977D2739-61BD-445C-ACD7-2F71D55FFBFC} = {C5B764A0-40CD-49F4-9660-CD6A012B126A}
	EndGlobalSection
	GlobalSection(ExtensibilityGlobals) = postSolution
		SolutionGuid = {72D80BB0-083F-4761-AB86-E4B8B53BCA63}
	EndGlobalSection
EndGlobal
